# @generated - this file is auto-generated by `mise lock` https://mise.jdx.dev/dev-tools/mise-lock.html

[[tools."aqua:fluxcd/flux2"]]
version = "2.7.5"
backend = "aqua:fluxcd/flux2"

[tools."aqua:fluxcd/flux2"."platforms.macos-x64"]
checksum = "sha256:2058b49ef38b5773b9aa87b3db83d68cbaf5082ecf908cbd8952a17f6af0e2e8"
url = "https://github.com/fluxcd/flux2/releases/download/v2.7.5/flux_2.7.5_darwin_amd64.tar.gz"

[[tools.kubectl]]
version = "1.34.2"
backend = "aqua:kubernetes/kubernetes/kubectl"

[tools.kubectl."platforms.macos-x64"]
checksum = "sha256:d2a71bb7dd7238287f2ba4efefbad4f98584170063f7d9e6c842f772d9255d45"
url = "https://dl.k8s.io/v1.34.2/bin/darwin/amd64/kubectl"

[[tools.opentofu]]
version = "1.10.7"
backend = "aqua:opentofu/opentofu"

[tools.opentofu."platforms.macos-x64"]
checksum = "sha256:ec063e3920fab7cc80299f66d2fda3ec752f774b88caf3c207122336674843a3"
url = "https://github.com/opentofu/opentofu/releases/download/v1.10.7/tofu_1.10.7_darwin_amd64.tar.gz"

[[tools.pre-commit]]
version = "4.5.0"
backend = "aqua:pre-commit/pre-commit"

[tools.pre-commit."platforms.macos-x64"]
checksum = "sha256:fbbfa47d19b98e03eb11963094ac3644a97cba105a8c660d8dab4c409c89cebe"
url = "https://github.com/pre-commit/pre-commit/releases/download/v4.5.0/pre-commit-4.5.0.pyz"

[[tools.terragrunt]]
version = "1.1.1"
backend = "aqua:gruntwork-io/terragrunt"

[tools.terragrunt."platforms.linux-arm64"]
checksum = "sha256:a374a7993ff3d99665a7e014007d3647ec7f0465c9d55c85e9f94c932e73cea2"
url = "https://github.com/gruntwork-io/terragrunt/releases/download/v1.1.1/terragrunt_linux_arm64.tar.gz"

[tools.terragrunt."platforms.linux-arm64-musl"]
checksum = "sha256:a374a7993ff3d99665a7e014007d3647ec7f0465c9d55c85e9f94c932e73cea2"
url = "https://github.com/gruntwork-io/terragrunt/releases/download/v1.1.1/terragrunt_linux_arm64.tar.gz"

[tools.terragrunt."platforms.linux-x64"]
checksum = "sha256:ce90077ac31ef17a2ba10d11d45f36c6501997a8f4f79d703bb7daba37032f53"
url = "https://github.com/gruntwork-io/terragrunt/releases/download/v1.1.1/terragrunt_linux_amd64.tar.gz"

[tools.terragrunt."platforms.linux-x64-musl"]
checksum = "sha256:ce90077ac31ef17a2ba10d11d45f36c6501997a8f4f79d703bb7daba37032f53"
url = "https://github.com/gruntwork-io/terragrunt/releases/download/v1.1.1/terragrunt_linux_amd64.tar.gz"

[tools.terragrunt."platforms.macos-arm64"]
checksum = "sha256:9ec8f678b9ae6c81d5d9d77b94cbf6349ce639d5938694b4adc9dea73e416794"
url = "https://github.com/gruntwork-io/terragrunt/releases/download/v1.1.1/terragrunt_darwin_arm64.tar.gz"

[tools.terragrunt."platforms.macos-x64"]
checksum = "sha256:73e768a69fa44a60f9d9174f54aaf179327e08706f633c9c79d5f5c9622c91c2"
url = "https://github.com/gruntwork-io/terragrunt/releases/download/v1.1.1/terragrunt_darwin_amd64.tar.gz"

[tools.terragrunt."platforms.windows-x64"]
checksum = "sha256:dd50a324691e072a3ac879e9ec43d6310e2936c929fda658eb2811fefcc75115"
url = "https://github.com/gruntwork-io/terragrunt/releases/download/v1.1.1/terragrunt_windows_amd64.exe.tar.gz"
