# @generated - this file is auto-generated by `mise lock` https://mise.jdx.dev/dev-tools/mise-lock.html

[[tools."aqua:fluxcd/flux2"]]
version = "2.7.5"
backend = "aqua:fluxcd/flux2"

[tools."aqua:fluxcd/flux2"."platforms.linux-arm64"]
checksum = "sha256:89d3ebb47ee5f7a0def33217e8dcb885e0bec41d01d0e23fc84e9aba0416c24e"
url = "https://github.com/fluxcd/flux2/releases/download/v2.7.5/flux_2.7.5_linux_arm64.tar.gz"
url_api = "https://api.github.com/repos/fluxcd/flux2/releases/assets/321464054"

[tools."aqua:fluxcd/flux2"."platforms.linux-arm64".provenance.slsa]
url = "https://github.com/fluxcd/flux2/releases/download/v2.7.5/provenance.intoto.jsonl"

[tools."aqua:fluxcd/flux2"."platforms.linux-arm64-musl"]
checksum = "sha256:89d3ebb47ee5f7a0def33217e8dcb885e0bec41d01d0e23fc84e9aba0416c24e"
url = "https://github.com/fluxcd/flux2/releases/download/v2.7.5/flux_2.7.5_linux_arm64.tar.gz"
url_api = "https://api.github.com/repos/fluxcd/flux2/releases/assets/321464054"

[tools."aqua:fluxcd/flux2"."platforms.linux-arm64-musl".provenance.slsa]
url = "https://github.com/fluxcd/flux2/releases/download/v2.7.5/provenance.intoto.jsonl"

[tools."aqua:fluxcd/flux2"."platforms.linux-x64"]
checksum = "sha256:1e92141e8498289e4b27411385aeb18396053176cf297b0cb99abd6ca8293e75"
url = "https://github.com/fluxcd/flux2/releases/download/v2.7.5/flux_2.7.5_linux_amd64.tar.gz"
url_api = "https://api.github.com/repos/fluxcd/flux2/releases/assets/321464057"

[tools."aqua:fluxcd/flux2"."platforms.linux-x64".provenance.slsa]
url = "https://github.com/fluxcd/flux2/releases/download/v2.7.5/provenance.intoto.jsonl"

[tools."aqua:fluxcd/flux2"."platforms.linux-x64-musl"]
checksum = "sha256:1e92141e8498289e4b27411385aeb18396053176cf297b0cb99abd6ca8293e75"
url = "https://github.com/fluxcd/flux2/releases/download/v2.7.5/flux_2.7.5_linux_amd64.tar.gz"
url_api = "https://api.github.com/repos/fluxcd/flux2/releases/assets/321464057"

[tools."aqua:fluxcd/flux2"."platforms.linux-x64-musl".provenance.slsa]
url = "https://github.com/fluxcd/flux2/releases/download/v2.7.5/provenance.intoto.jsonl"

[tools."aqua:fluxcd/flux2"."platforms.macos-arm64"]
checksum = "sha256:79faae964badc0b08f61ef6228f636bea99c6750537634855fa8b84f75b006d8"
url = "https://github.com/fluxcd/flux2/releases/download/v2.7.5/flux_2.7.5_darwin_arm64.tar.gz"
url_api = "https://api.github.com/repos/fluxcd/flux2/releases/assets/321464066"

[tools."aqua:fluxcd/flux2"."platforms.macos-arm64".provenance.slsa]
url = "https://github.com/fluxcd/flux2/releases/download/v2.7.5/provenance.intoto.jsonl"

[tools."aqua:fluxcd/flux2"."platforms.macos-x64"]
checksum = "sha256:2058b49ef38b5773b9aa87b3db83d68cbaf5082ecf908cbd8952a17f6af0e2e8"
url = "https://github.com/fluxcd/flux2/releases/download/v2.7.5/flux_2.7.5_darwin_amd64.tar.gz"

[tools."aqua:fluxcd/flux2"."platforms.windows-x64"]
checksum = "sha256:271537f7a70623344a60a749cbc7eb712faa83d1b095fc232b1dd17acadd01a1"
url = "https://github.com/fluxcd/flux2/releases/download/v2.7.5/flux_2.7.5_windows_amd64.zip"
url_api = "https://api.github.com/repos/fluxcd/flux2/releases/assets/321464071"

[tools."aqua:fluxcd/flux2"."platforms.windows-x64".provenance.slsa]
url = "https://github.com/fluxcd/flux2/releases/download/v2.7.5/provenance.intoto.jsonl"

[[tools.kubectl]]
version = "1.34.2"
backend = "aqua:kubernetes/kubernetes/kubectl"

[tools.kubectl."platforms.linux-arm64"]
checksum = "sha256:95df604e914941f3172a93fa8feeb1a1a50f4011dfbe0c01e01b660afc8f9b85"
url = "https://dl.k8s.io/v1.34.2/bin/linux/arm64/kubectl"

[tools.kubectl."platforms.linux-arm64-musl"]
checksum = "sha256:95df604e914941f3172a93fa8feeb1a1a50f4011dfbe0c01e01b660afc8f9b85"
url = "https://dl.k8s.io/v1.34.2/bin/linux/arm64/kubectl"

[tools.kubectl."platforms.linux-x64"]
checksum = "sha256:9591f3d75e1581f3f7392e6ad119aab2f28ae7d6c6e083dc5d22469667f27253"
url = "https://dl.k8s.io/v1.34.2/bin/linux/amd64/kubectl"

[tools.kubectl."platforms.linux-x64-musl"]
checksum = "sha256:9591f3d75e1581f3f7392e6ad119aab2f28ae7d6c6e083dc5d22469667f27253"
url = "https://dl.k8s.io/v1.34.2/bin/linux/amd64/kubectl"

[tools.kubectl."platforms.macos-arm64"]
checksum = "sha256:8f38d3a38ae317b00ebf90254dc274dd28d8c6eea4a4b30c5cb12d3d27017b6d"
url = "https://dl.k8s.io/v1.34.2/bin/darwin/arm64/kubectl"

[tools.kubectl."platforms.macos-x64"]
checksum = "sha256:d2a71bb7dd7238287f2ba4efefbad4f98584170063f7d9e6c842f772d9255d45"
url = "https://dl.k8s.io/v1.34.2/bin/darwin/amd64/kubectl"

[tools.kubectl."platforms.windows-x64"]
checksum = "sha256:7d34dcc49a185d64194ff3e952d5621b7da4f5562fa83df5acf305bd1f7de9cc"
url = "https://dl.k8s.io/v1.34.2/bin/windows/amd64/kubectl.exe"

[[tools.opentofu]]
version = "1.10.7"
backend = "aqua:opentofu/opentofu"

[tools.opentofu."platforms.linux-arm64"]
checksum = "sha256:cfde76d660cbaa7b7b1ad1dab02fe99085f2fc7a2d2e7f9fd2ff4167358d52c0"
url = "https://github.com/opentofu/opentofu/releases/download/v1.10.7/tofu_1.10.7_linux_arm64.tar.gz"
url_api = "https://api.github.com/repos/opentofu/opentofu/releases/assets/313304591"

[tools.opentofu."platforms.linux-arm64-musl"]
checksum = "sha256:cfde76d660cbaa7b7b1ad1dab02fe99085f2fc7a2d2e7f9fd2ff4167358d52c0"
url = "https://github.com/opentofu/opentofu/releases/download/v1.10.7/tofu_1.10.7_linux_arm64.tar.gz"
url_api = "https://api.github.com/repos/opentofu/opentofu/releases/assets/313304591"

[tools.opentofu."platforms.linux-x64"]
checksum = "sha256:765a7374aeafcad15fe8da5359de76ce11ba0fd3cb6c2dc85d3b390e6362cae5"
url = "https://github.com/opentofu/opentofu/releases/download/v1.10.7/tofu_1.10.7_linux_amd64.tar.gz"
url_api = "https://api.github.com/repos/opentofu/opentofu/releases/assets/313304587"

[tools.opentofu."platforms.linux-x64-musl"]
checksum = "sha256:765a7374aeafcad15fe8da5359de76ce11ba0fd3cb6c2dc85d3b390e6362cae5"
url = "https://github.com/opentofu/opentofu/releases/download/v1.10.7/tofu_1.10.7_linux_amd64.tar.gz"
url_api = "https://api.github.com/repos/opentofu/opentofu/releases/assets/313304587"

[tools.opentofu."platforms.macos-arm64"]
checksum = "sha256:e5cdc6d0bdd85b0cf699f00e2cd547c3b3d0892c7b5ecb22bd02c72d9d1ff8bc"
url = "https://github.com/opentofu/opentofu/releases/download/v1.10.7/tofu_1.10.7_darwin_arm64.tar.gz"
url_api = "https://api.github.com/repos/opentofu/opentofu/releases/assets/313304608"

[tools.opentofu."platforms.macos-x64"]
checksum = "sha256:ec063e3920fab7cc80299f66d2fda3ec752f774b88caf3c207122336674843a3"
url = "https://github.com/opentofu/opentofu/releases/download/v1.10.7/tofu_1.10.7_darwin_amd64.tar.gz"

[tools.opentofu."platforms.windows-x64"]
checksum = "sha256:58e9f247c57c7c1faef3b20fd735dcad272154e93bd02246eeff36cb756b03df"
url = "https://github.com/opentofu/opentofu/releases/download/v1.10.7/tofu_1.10.7_windows_amd64.tar.gz"
url_api = "https://api.github.com/repos/opentofu/opentofu/releases/assets/313304629"

[[tools.pre-commit]]
version = "4.5.0"
backend = "aqua:pre-commit/pre-commit"

[tools.pre-commit."platforms.linux-arm64"]
checksum = "sha256:fbbfa47d19b98e03eb11963094ac3644a97cba105a8c660d8dab4c409c89cebe"
url = "https://github.com/pre-commit/pre-commit/releases/download/v4.5.0/pre-commit-4.5.0.pyz"
url_api = "https://api.github.com/repos/pre-commit/pre-commit/releases/assets/319694381"

[tools.pre-commit."platforms.linux-arm64-musl"]
checksum = "sha256:fbbfa47d19b98e03eb11963094ac3644a97cba105a8c660d8dab4c409c89cebe"
url = "https://github.com/pre-commit/pre-commit/releases/download/v4.5.0/pre-commit-4.5.0.pyz"
url_api = "https://api.github.com/repos/pre-commit/pre-commit/releases/assets/319694381"

[tools.pre-commit."platforms.linux-x64"]
checksum = "sha256:fbbfa47d19b98e03eb11963094ac3644a97cba105a8c660d8dab4c409c89cebe"
url = "https://github.com/pre-commit/pre-commit/releases/download/v4.5.0/pre-commit-4.5.0.pyz"
url_api = "https://api.github.com/repos/pre-commit/pre-commit/releases/assets/319694381"

[tools.pre-commit."platforms.linux-x64-musl"]
checksum = "sha256:fbbfa47d19b98e03eb11963094ac3644a97cba105a8c660d8dab4c409c89cebe"
url = "https://github.com/pre-commit/pre-commit/releases/download/v4.5.0/pre-commit-4.5.0.pyz"
url_api = "https://api.github.com/repos/pre-commit/pre-commit/releases/assets/319694381"

[tools.pre-commit."platforms.macos-arm64"]
checksum = "sha256:fbbfa47d19b98e03eb11963094ac3644a97cba105a8c660d8dab4c409c89cebe"
url = "https://github.com/pre-commit/pre-commit/releases/download/v4.5.0/pre-commit-4.5.0.pyz"
url_api = "https://api.github.com/repos/pre-commit/pre-commit/releases/assets/319694381"

[tools.pre-commit."platforms.macos-x64"]
checksum = "sha256:fbbfa47d19b98e03eb11963094ac3644a97cba105a8c660d8dab4c409c89cebe"
url = "https://github.com/pre-commit/pre-commit/releases/download/v4.5.0/pre-commit-4.5.0.pyz"

[[tools.terragrunt]]
version = "1.1.2"
backend = "aqua:gruntwork-io/terragrunt"

[tools.terragrunt."platforms.linux-arm64"]
checksum = "sha256:7c8c4dda530779755df369651dee885f9a7cef8595e1186e80b365fb88f5f788"
url = "https://github.com/gruntwork-io/terragrunt/releases/download/v1.1.2/terragrunt_linux_arm64.tar.gz"
url_api = "https://api.github.com/repos/gruntwork-io/terragrunt/releases/assets/494371772"

[tools.terragrunt."platforms.linux-arm64-musl"]
checksum = "sha256:7c8c4dda530779755df369651dee885f9a7cef8595e1186e80b365fb88f5f788"
url = "https://github.com/gruntwork-io/terragrunt/releases/download/v1.1.2/terragrunt_linux_arm64.tar.gz"
url_api = "https://api.github.com/repos/gruntwork-io/terragrunt/releases/assets/494371772"

[tools.terragrunt."platforms.linux-x64"]
checksum = "sha256:ddb947f5e71ae036ca01449af3bf87828d4b2b18ffd411cbf8dd624d45e37a9e"
url = "https://github.com/gruntwork-io/terragrunt/releases/download/v1.1.2/terragrunt_linux_amd64.tar.gz"
url_api = "https://api.github.com/repos/gruntwork-io/terragrunt/releases/assets/494371624"

[tools.terragrunt."platforms.linux-x64-musl"]
checksum = "sha256:ddb947f5e71ae036ca01449af3bf87828d4b2b18ffd411cbf8dd624d45e37a9e"
url = "https://github.com/gruntwork-io/terragrunt/releases/download/v1.1.2/terragrunt_linux_amd64.tar.gz"
url_api = "https://api.github.com/repos/gruntwork-io/terragrunt/releases/assets/494371624"

[tools.terragrunt."platforms.macos-arm64"]
checksum = "sha256:74239174818aae9f45e9aa6e8ec20f4efecd04afd7b752c552a42e96020cf761"
url = "https://github.com/gruntwork-io/terragrunt/releases/download/v1.1.2/terragrunt_darwin_arm64.tar.gz"
url_api = "https://api.github.com/repos/gruntwork-io/terragrunt/releases/assets/494371317"

[tools.terragrunt."platforms.macos-x64"]
checksum = "sha256:c43916d00f2f0a200173c51b40b39f63147835fac368c5d2754638698950a18d"
url = "https://github.com/gruntwork-io/terragrunt/releases/download/v1.1.2/terragrunt_darwin_amd64.tar.gz"
url_api = "https://api.github.com/repos/gruntwork-io/terragrunt/releases/assets/494371087"

[tools.terragrunt."platforms.windows-x64"]
checksum = "sha256:984765a0fc3c2d0e489d5d7f8bacd9c7f418ddc9a99859c5ed2458005d23dd8c"
url = "https://github.com/gruntwork-io/terragrunt/releases/download/v1.1.2/terragrunt_windows_amd64.exe.tar.gz"
url_api = "https://api.github.com/repos/gruntwork-io/terragrunt/releases/assets/494372099"
